
Microsoft Visual Studio Solution File, Format Version 12.00
# Visual Studio 15
VisualStudioVersion = 15.0.27703.2047
MinimumVisualStudioVersion = 10.0.40219.1
Project("{FAE04EC0-301F-11D3-BF4B-00C04F79EFBC}") = "WiFiManager.Android", "WiFiManager\WiFiManager.Android\WiFiManager.Android.csproj", "{1983C4DD-32C9-4726-A1D2-9E576675DB6D}"
EndProject
Project("{FAE04EC0-301F-11D3-BF4B-00C04F79EFBC}") = "WiFiManager", "WiFiManager\WiFiManager\WiFiManager.csproj", "{1C484AD6-3556-4C33-B408-971FAC177C40}"
EndProject
Global
	GlobalSection(SolutionConfigurationPlatforms) = preSolution
		Debug|Any CPU = Debug|Any CPU
		Release|Any CPU = Release|Any CPU
	EndGlobalSection
	GlobalSection(ProjectConfigurationPlatforms) = postSolution
		{1983C4DD-32C9-4726-A1D2-9E576675DB6D}.Debug|Any CPU.ActiveCfg = Debug|Any CPU
		{1983C4DD-32C9-4726-A1D2-9E576675DB6D}.Debug|Any CPU.Build.0 = Debug|Any CPU
		{1983C4DD-32C9-4726-A1D2-9E576675DB6D}.Debug|Any CPU.Deploy.0 = Debug|Any CPU
		{1983C4DD-32C9-4726-A1D2-9E576675DB6D}.Release|Any CPU.ActiveCfg = Release|Any CPU
		{1983C4DD-32C9-4726-A1D2-9E576675DB6D}.Release|Any CPU.Build.0 = Release|Any CPU
		{1983C4DD-32C9-4726-A1D2-9E576675DB6D}.Release|Any CPU.Deploy.0 = Release|Any CPU
		{1C484AD6-3556-4C33-B408-971FAC177C40}.Debug|Any CPU.ActiveCfg = Debug|Any CPU
		{1C484AD6-3556-4C33-B408-971FAC177C40}.Debug|Any CPU.Build.0 = Debug|Any CPU
		{1C484AD6-3556-4C33-B408-971FAC177C40}.Debug|Any CPU.Deploy.0 = Debug|Any CPU
		{1C484AD6-3556-4C33-B408-971FAC177C40}.Release|Any CPU.ActiveCfg = Release|Any CPU
		{1C484AD6-3556-4C33-B408-971FAC177C40}.Release|Any CPU.Build.0 = Release|Any CPU
		{1C484AD6-3556-4C33-B408-971FAC177C40}.Release|Any CPU.Deploy.0 = Release|Any CPU
	EndGlobalSection
	GlobalSection(SolutionProperties) = preSolution
		HideSolutionNode = FALSE
	EndGlobalSection
	GlobalSection(ExtensibilityGlobals) = postSolution
		SolutionGuid = {0294D470-ADAE-40F2-B4CB-51861CF30683}
	EndGlobalSection
EndGlobal
